
Microsoft Visual Studio Solution File, Format Version 12.00
# Visual Studio Version 17
VisualStudioVersion = 17.9.34728.123
MinimumVisualStudioVersion = 10.0.40219.1
Project("{FAE04EC0-301F-11D3-BF4B-00C04F79EFBC}") = "ZadatakV2.WebApi", "ZadatakV2.WebApi\ZadatakV2.WebApi.csproj", "{4BC61AD3-C715-49E0-86E5-34E74E6483CC}"
EndProject
Global
	GlobalSection(SolutionConfigurationPlatforms) = preSolution
		Debug|Any CPU = Debug|Any CPU
		Release|Any CPU = Release|Any CPU
	EndGlobalSection
	GlobalSection(ProjectConfigurationPlatforms) = postSolution
		{4BC61AD3-C715-49E0-86E5-34E74E6483CC}.Debug|Any CPU.ActiveCfg = Debug|Any CPU
		{4BC61AD3-C715-49E0-86E5-34E74E6483CC}.Debug|Any CPU.Build.0 = Debug|Any CPU
		{4BC61AD3-C715-49E0-86E5-34E74E6483CC}.Release|Any CPU.ActiveCfg = Release|Any CPU
		{4BC61AD3-C715-49E0-86E5-34E74E6483CC}.Release|Any CPU.Build.0 = Release|Any CPU
	EndGlobalSection
	GlobalSection(SolutionProperties) = preSolution
		HideSolutionNode = FALSE
	EndGlobalSection
	GlobalSection(ExtensibilityGlobals) = postSolution
		SolutionGuid = {51C1EB09-6751-43C0-831B-1B3C1FBED055}
	EndGlobalSection
EndGlobal
